
Microsoft Visual Studio Solution File, Format Version 12.00
# Visual Studio Version 17
VisualStudioVersion = 17.0.31903.59
MinimumVisualStudioVersion = 10.0.40219.1
Project("{2150E333-8FDC-42A3-9474-1A3956D46DE8}") = "Additional Items", "Additional Items", "{B1BAAAA8-4CE8-43CC-8A2F-138AC8461B24}"
	ProjectSection(SolutionItems) = preProject
		..\.editorconfig = ..\.editorconfig
		..\.globalconfig = ..\.globalconfig
		forgekit.sln.DotSettings = forgekit.sln.DotSettings
		Directory.Build.props = Directory.Build.props
	EndProjectSection
EndProject
Project("{FAE04EC0-301F-11D3-BF4B-00C04F79EFBC}") = "ForgeKit", "forgekit\ForgeKit.csproj", "{37011DEE-60D6-49A0-9369-B094BA1700D8}"
EndProject
Global
	GlobalSection(SolutionConfigurationPlatforms) = preSolution
		Debug|Any CPU = Debug|Any CPU
		Release|Any CPU = Release|Any CPU
	EndGlobalSection
	GlobalSection(ProjectConfigurationPlatforms) = postSolution
		{37011DEE-60D6-49A0-9369-B094BA1700D8}.Debug|Any CPU.ActiveCfg = Debug|Any CPU
		{37011DEE-60D6-49A0-9369-B094BA1700D8}.Debug|Any CPU.Build.0 = Debug|Any CPU
		{37011DEE-60D6-49A0-9369-B094BA1700D8}.Release|Any CPU.ActiveCfg = Release|Any CPU
		{37011DEE-60D6-49A0-9369-B094BA1700D8}.Release|Any CPU.Build.0 = Release|Any CPU
	EndGlobalSection
	GlobalSection(SolutionProperties) = preSolution
		HideSolutionNode = FALSE
	EndGlobalSection
EndGlobal
