
Microsoft Visual Studio Solution File, Format Version 12.00
# Visual Studio Version 17
VisualStudioVersion = 17.0.31903.59
MinimumVisualStudioVersion = 10.0.40219.1
Project("{2150E333-8FDC-42A3-9474-1A3956D46DE8}") = "Additional Items", "Additional Items", "{85CC48CF-67D5-0527-8F94-9B439EE88259}"
	ProjectSection(SolutionItems) = preProject
		..\.editorconfig = ..\.editorconfig
		..\.gitignore = ..\.gitignore
		..\.gitattributes = ..\.gitattributes
		Directory.Build.props = Directory.Build.props
		gamekit.sln.DotSettings = gamekit.sln.DotSettings
	EndProjectSection
EndProject
Project("{2150E333-8FDC-42A3-9474-1A3956D46DE8}") = "Templates", "Templates", "{808186BE-9BD0-DD1D-D574-36EEAD1E7F8F}"
EndProject
Project("{2150E333-8FDC-42A3-9474-1A3956D46DE8}") = "Libraries", "Libraries", "{809F86A1-1C4C-B159-0CD4-DF9D33D876CE}"
EndProject
Project("{2150E333-8FDC-42A3-9474-1A3956D46DE8}") = "Implementations", "Implementations", "{12886453-F3FA-7078-BE77-D3FAE848C90E}"
EndProject
Project("{2150E333-8FDC-42A3-9474-1A3956D46DE8}") = "FNA", "FNA", "{393957E4-D5AD-DE3E-615E-7B6D97626974}"
EndProject
Project("{FAE04EC0-301F-11D3-BF4B-00C04F79EFBC}") = "GameKit.Templates.OsuFramework", "templates\osu-framework\GameKit.Templates.OsuFramework.csproj", "{6B3DDF2C-BDF7-4BF3-B388-95477F60885A}"
EndProject
Project("{FAE04EC0-301F-11D3-BF4B-00C04F79EFBC}") = "GameKit.Templates.FNA", "templates\fna\GameKit.Templates.FNA.csproj", "{DCEC2B7E-7BBB-4DB7-8ABD-F6B4C3279578}"
EndProject
Project("{FAE04EC0-301F-11D3-BF4B-00C04F79EFBC}") = "GameKit.FNA.NativeLibs", "libraries\implementations\fna\nativelibs\GameKit.FNA.NativeLibs.csproj", "{4C5134CB-B246-42AD-8AE0-8022C530D2AF}"
EndProject
Global
	GlobalSection(SolutionConfigurationPlatforms) = preSolution
		Debug|Any CPU = Debug|Any CPU
		Release|Any CPU = Release|Any CPU
	EndGlobalSection
	GlobalSection(ProjectConfigurationPlatforms) = postSolution
		{6B3DDF2C-BDF7-4BF3-B388-95477F60885A}.Debug|Any CPU.ActiveCfg = Debug|Any CPU
		{6B3DDF2C-BDF7-4BF3-B388-95477F60885A}.Debug|Any CPU.Build.0 = Debug|Any CPU
		{6B3DDF2C-BDF7-4BF3-B388-95477F60885A}.Release|Any CPU.ActiveCfg = Release|Any CPU
		{6B3DDF2C-BDF7-4BF3-B388-95477F60885A}.Release|Any CPU.Build.0 = Release|Any CPU
		{DCEC2B7E-7BBB-4DB7-8ABD-F6B4C3279578}.Debug|Any CPU.ActiveCfg = Debug|Any CPU
		{DCEC2B7E-7BBB-4DB7-8ABD-F6B4C3279578}.Debug|Any CPU.Build.0 = Debug|Any CPU
		{DCEC2B7E-7BBB-4DB7-8ABD-F6B4C3279578}.Release|Any CPU.ActiveCfg = Release|Any CPU
		{DCEC2B7E-7BBB-4DB7-8ABD-F6B4C3279578}.Release|Any CPU.Build.0 = Release|Any CPU
		{4C5134CB-B246-42AD-8AE0-8022C530D2AF}.Debug|Any CPU.ActiveCfg = Debug|Any CPU
		{4C5134CB-B246-42AD-8AE0-8022C530D2AF}.Debug|Any CPU.Build.0 = Debug|Any CPU
		{4C5134CB-B246-42AD-8AE0-8022C530D2AF}.Release|Any CPU.ActiveCfg = Release|Any CPU
		{4C5134CB-B246-42AD-8AE0-8022C530D2AF}.Release|Any CPU.Build.0 = Release|Any CPU
	EndGlobalSection
	GlobalSection(SolutionProperties) = preSolution
		HideSolutionNode = FALSE
	EndGlobalSection
	GlobalSection(NestedProjects) = preSolution
		{6B3DDF2C-BDF7-4BF3-B388-95477F60885A} = {808186BE-9BD0-DD1D-D574-36EEAD1E7F8F}
		{DCEC2B7E-7BBB-4DB7-8ABD-F6B4C3279578} = {808186BE-9BD0-DD1D-D574-36EEAD1E7F8F}
		{12886453-F3FA-7078-BE77-D3FAE848C90E} = {809F86A1-1C4C-B159-0CD4-DF9D33D876CE}
		{393957E4-D5AD-DE3E-615E-7B6D97626974} = {12886453-F3FA-7078-BE77-D3FAE848C90E}
		{4C5134CB-B246-42AD-8AE0-8022C530D2AF} = {393957E4-D5AD-DE3E-615E-7B6D97626974}
	EndGlobalSection
EndGlobal
